{
  "requires": true,
  "lockfileVersion": 1,
  "dependencies": {
    "expo-linear-gradient": {
      "version": "9.2.0",
      "resolved": "https://registry.npmjs.org/expo-linear-gradient/-/expo-linear-gradient-9.2.0.tgz",
      "integrity": "sha512-LnW2u9OT6GeyC6T8qEGjFYfNSk4KIBAwU0aRSjM4Y8hckWqhtKngGDz46DqGmJBzvZMSKuZZvj5xKn794r54ag=="
    }
  }
}
